// !$*UTF8*$!
{
	archiveVersion = 1;
	classes = {
	};
	objectVersion = 56;
	objects = {

/* Begin PBXBuildFile section */
		4DC015DA2AB3AB500031FBDC /* ProfilePageAppApp.swift in Sources */ = {isa = PBXBuildFile; fileRef = 4DC015D92AB3AB500031FBDC /* ProfilePageAppApp.swift */; };
		4DC015DC2AB3AB500031FBDC /* ContentView.swift in Sources */ = {isa = PBXBuildFile; fileRef = 4DC015DB2AB3AB500031FBDC /* ContentView.swift */; };
		4DC015DE2AB3AB520031FBDC /* Assets.xcassets in Resources */ = {isa = PBXBuildFile; fileRef = 4DC015DD2AB3AB520031FBDC /* Assets.xcassets */; };
		4DC015E12AB3AB520031FBDC /* Preview Assets.xcassets in Resources */ = {isa = PBXBuildFile; fileRef = 4DC015E02AB3AB520031FBDC /* Preview Assets.xcassets */; };
		4DC015E82AB3ACDF0031FBDC /* BioView.swift in Sources */ = {isa = PBXBuildFile; fileRef = 4DC015E72AB3ACDF0031FBDC /* BioView.swift */; };
		4DC015EA2AB3ACFD0031FBDC /* InterestsView.swift in Sources */ = {isa = PBXBuildFile; fileRef = 4DC015E92AB3ACFD0031FBDC /* InterestsView.swift */; };
		4DC015EC2AB3AD250031FBDC /* PhotosView.swift in Sources */ = {isa = PBXBuildFile; fileRef = 4DC015EB2AB3AD250031FBDC /* PhotosView.swift */; };
		4DC015EE2AB3BA780031FBDC /* ListToDoView.swift in Sources */ = {isa = PBXBuildFile; fileRef = 4DC015ED2AB3BA780031FBDC /* ListToDoView.swift */; };
/* End PBXBuildFile section */

/* Begin PBXFileReference section */
		4DC015D62AB3AB500031FBDC /* ProfilePageApp.app */ = {isa = PBXFileReference; explicitFileType = wrapper.application; includeInIndex = 0; path = ProfilePageApp.app; sourceTree = BUILT_PRODUCTS_DIR; };
		4DC015D92AB3AB500031FBDC /* ProfilePageAppApp.swift */ = {isa = PBXFileReference; lastKnownFileType = sourcecode.swift; path = ProfilePageAppApp.swift; sourceTree = "<group>"; };
		4DC015DB2AB3AB500031FBDC /* ContentView.swift */ = {isa = PBXFileReference; lastKnownFileType = sourcecode.swift; path = ContentView.swift; sourceTree = "<group>"; };
		4DC015DD2AB3AB520031FBDC /* Assets.xcassets */ = {isa = PBXFileReference; lastKnownFileType = folder.assetcatalog; path = Assets.xcassets; sourceTree = "<group>"; };
		4DC015E02AB3AB520031FBDC /* Preview Assets.xcassets */ = {isa = PBXFileReference; lastKnownFileType = folder.assetcatalog; path = "Preview Assets.xcassets"; sourceTree = "<group>"; };
		4DC015E72AB3ACDF0031FBDC /* BioView.swift */ = {isa = PBXFileReference; lastKnownFileType = sourcecode.swift; path = BioView.swift; sourceTree = "<group>"; };
		4DC015E92AB3ACFD0031FBDC /* InterestsView.swift */ = {isa = PBXFileReference; lastKnownFileType = sourcecode.swift; path = InterestsView.swift; sourceTree = "<group>"; };
		4DC015EB2AB3AD250031FBDC /* PhotosView.swift */ = {isa = PBXFileReference; lastKnownFileType = sourcecode.swift; path = PhotosView.swift; sourceTree = "<group>"; };
		4DC015ED2AB3BA780031FBDC /* ListToDoView.swift */ = {isa = PBXFileReference; lastKnownFileType = sourcecode.swift; path = ListToDoView.swift; sourceTree = "<group>"; };
/* End PBXFileReference section */

/* Begin PBXFrameworksBuildPhase section */
		4DC015D32AB3AB500031FBDC /* Frameworks */ = {
			isa = PBXFrameworksBuildPhase;
			buildActionMask = 2147483647;
			files = (
			);
			runOnlyForDeploymentPostprocessing = 0;
		};
/* End PBXFrameworksBuildPhase section */

/* Begin PBXGroup section */
		4DC015CD2AB3AB500031FBDC = {
			isa = PBXGroup;
			children = (
				4DC015D82AB3AB500031FBDC /* ProfilePageApp */,
				4DC015D72AB3AB500031FBDC /* Products */,
			);
			sourceTree = "<group>";
		};
		4DC015D72AB3AB500031FBDC /* Products */ = {
			isa = PBXGroup;
			children = (
				4DC015D62AB3AB500031FBDC /* ProfilePageApp.app */,
			);
			name = Products;
			sourceTree = "<group>";
		};
		4DC015D82AB3AB500031FBDC /* ProfilePageApp */ = {
			isa = PBXGroup;
			children = (
				4DC015D92AB3AB500031FBDC /* ProfilePageAppApp.swift */,
				4DC015DB2AB3AB500031FBDC /* ContentView.swift */,
				4DC015E72AB3ACDF0031FBDC /* BioView.swift */,
				4DC015ED2AB3BA780031FBDC /* ListToDoView.swift */,
				4DC015E92AB3ACFD0031FBDC /* InterestsView.swift */,
				4DC015EB2AB3AD250031FBDC /* PhotosView.swift */,
				4DC015DD2AB3AB520031FBDC /* Assets.xcassets */,
				4DC015DF2AB3AB520031FBDC /* Preview Content */,
			);
			path = ProfilePageApp;
			sourceTree = "<group>";
		};
		4DC015DF2AB3AB520031FBDC /* Preview Content */ = {
			isa = PBXGroup;
			children = (
				4DC015E02AB3AB520031FBDC /* Preview Assets.xcassets */,
			);
			path = "Preview Content";
			sourceTree = "<group>";
		};
/* End PBXGroup section */

/* Begin PBXNativeTarget section */
		4DC015D52AB3AB500031FBDC /* ProfilePageApp */ = {
			isa = PBXNativeTarget;
			buildConfigurationList = 4DC015E42AB3AB520031FBDC /* Build configuration list for PBXNativeTarget "ProfilePageApp" */;
			buildPhases = (
				4DC015D22AB3AB500031FBDC /* Sources */,
				4DC015D32AB3AB500031FBDC /* Frameworks */,
				4DC015D42AB3AB500031FBDC /* Resources */,
			);
			buildRules = (
			);
			dependencies = (
			);
			name = ProfilePageApp;
			productName = ProfilePageApp;
			productReference = 4DC015D62AB3AB500031FBDC /* ProfilePageApp.app */;
			productType = "com.apple.product-type.application";
		};
/* End PBXNativeTarget section */

/* Begin PBXProject section */
		4DC015CE2AB3AB500031FBDC /* Project object */ = {
			isa = PBXProject;
			attributes = {
				BuildIndependentTargetsInParallel = 1;
				LastSwiftUpdateCheck = 1430;
				LastUpgradeCheck = 1430;
				TargetAttributes = {
					4DC015D52AB3AB500031FBDC = {
						CreatedOnToolsVersion = 14.3.1;
					};
				};
			};
			buildConfigurationList = 4DC015D12AB3AB500031FBDC /* Build configuration list for PBXProject "ProfilePageApp" */;
			compatibilityVersion = "Xcode 14.0";
			developmentRegion = en;
			hasScannedForEncodings = 0;
			knownRegions = (
				en,
				Base,
			);
			mainGroup = 4DC015CD2AB3AB500031FBDC;
			productRefGroup = 4DC015D72AB3AB500031FBDC /* Products */;
			projectDirPath = "";
			projectRoot = "";
			targets = (
				4DC015D52AB3AB500031FBDC /* ProfilePageApp */,
			);
		};
/* End PBXProject section */

/* Begin PBXResourcesBuildPhase section */
		4DC015D42AB3AB500031FBDC /* Resources */ = {
			isa = PBXResourcesBuildPhase;
			buildActionMask = 2147483647;
			files = (
				4DC015E12AB3AB520031FBDC /* Preview Assets.xcassets in Resources */,
				4DC015DE2AB3AB520031FBDC /* Assets.xcassets in Resources */,
			);
			runOnlyForDeploymentPostprocessing = 0;
		};
/* End PBXResourcesBuildPhase section */

/* Begin PBXSourcesBuildPhase section */
		4DC015D22AB3AB500031FBDC /* Sources */ = {
			isa = PBXSourcesBuildPhase;
			buildActionMask = 2147483647;
			files = (
				4DC015E82AB3ACDF0031FBDC /* BioView.swift in Sources */,
				4DC015DC2AB3AB500031FBDC /* ContentView.swift in Sources */,
				4DC015EC2AB3AD250031FBDC /* PhotosView.swift in Sources */,
				4DC015EE2AB3BA780031FBDC /* ListToDoView.swift in Sources */,
				4DC015EA2AB3ACFD0031FBDC /* InterestsView.swift in Sources */,
				4DC015DA2AB3AB500031FBDC /* ProfilePageAppApp.swift in Sources */,
			);
			runOnlyForDeploymentPostprocessing = 0;
		};
/* End PBXSourcesBuildPhase section */

/* Begin XCBuildConfiguration section */
		4DC015E22AB3AB520031FBDC /* Debug */ = {
			isa = XCBuildConfiguration;
			buildSettings = {
				ALWAYS_SEARCH_USER_PATHS = NO;
				CLANG_ANALYZER_NONNULL = YES;
				CLANG_ANALYZER_NUMBER_OBJECT_CONVERSION = YES_AGGRESSIVE;
				CLANG_CXX_LANGUAGE_STANDARD = "gnu++20";
				CLANG_ENABLE_MODULES = YES;
				CLANG_ENABLE_OBJC_ARC = YES;
				CLANG_ENABLE_OBJC_WEAK = YES;
				CLANG_WARN_BLOCK_CAPTURE_AUTORELEASING = YES;
				CLANG_WARN_BOOL_CONVERSION = YES;
				CLANG_WARN_COMMA = YES;
				CLANG_WARN_CONSTANT_CONVERSION = YES;
				CLANG_WARN_DEPRECATED_OBJC_IMPLEMENTATIONS = YES;
				CLANG_WARN_DIRECT_OBJC_ISA_USAGE = YES_ERROR;
				CLANG_WARN_DOCUMENTATION_COMMENTS = YES;
				CLANG_WARN_EMPTY_BODY = YES;
				CLANG_WARN_ENUM_CONVERSION = YES;
				CLANG_WARN_INFINITE_RECURSION = YES;
				CLANG_WARN_INT_CONVERSION = YES;
				CLANG_WARN_NON_LITERAL_NULL_CONVERSION = YES;
				CLANG_WARN_OBJC_IMPLICIT_RETAIN_SELF = YES;
				CLANG_WARN_OBJC_LITERAL_CONVERSION = YES;
				CLANG_WARN_OBJC_ROOT_CLASS = YES_ERROR;
				CLANG_WARN_QUOTED_INCLUDE_IN_FRAMEWORK_HEADER = YES;
				CLANG_WARN_RANGE_LOOP_ANALYSIS = YES;
				CLANG_WARN_STRICT_PROTOTYPES = YES;
				CLANG_WARN_SUSPICIOUS_MOVE = YES;
				CLANG_WARN_UNGUARDED_AVAILABILITY = YES_AGGRESSIVE;
				CLANG_WARN_UNREACHABLE_CODE = YES;
				CLANG_WARN__DUPLICATE_METHOD_MATCH = YES;
				COPY_PHASE_STRIP = NO;
				DEBUG_INFORMATION_FORMAT = dwarf;
				ENABLE_STRICT_OBJC_MSGSEND = YES;
				ENABLE_TESTABILITY = YES;
				GCC_C_LANGUAGE_STANDARD = gnu11;
				GCC_DYNAMIC_NO_PIC = NO;
				GCC_NO_COMMON_BLOCKS = YES;
				GCC_OPTIMIZATION_LEVEL = 0;
				GCC_PREPROCESSOR_DEFINITIONS = (
					"DEBUG=1",
					"$(inherited)",
				);
				GCC_WARN_64_TO_32_BIT_CONVERSION = YES;
				GCC_WARN_ABOUT_RETURN_TYPE = YES_ERROR;
				GCC_WARN_UNDECLARED_SELECTOR = YES;
				GCC_WARN_UNINITIALIZED_AUTOS = YES_AGGRESSIVE;
				GCC_WARN_UNUSED_FUNCTION = YES;
				GCC_WARN_UNUSED_VARIABLE = YES;
				IPHONEOS_DEPLOYMENT_TARGET = 16.4;
				MTL_ENABLE_DEBUG_INFO = INCLUDE_SOURCE;
				MTL_FAST_MATH = YES;
				ONLY_ACTIVE_ARCH = YES;
				SDKROOT = iphoneos;
				SWIFT_ACTIVE_COMPILATION_CONDITIONS = DEBUG;
				SWIFT_OPTIMIZATION_LEVEL = "-Onone";
			};
			name = Debug;
		};
		4DC015E32AB3AB520031FBDC /* Release */ = {
			isa = XCBuildConfiguration;
			buildSettings = {
				ALWAYS_SEARCH_USER_PATHS = NO;
				CLANG_ANALYZER_NONNULL = YES;
				CLANG_ANALYZER_NUMBER_OBJECT_CONVERSION = YES_AGGRESSIVE;
				CLANG_CXX_LANGUAGE_STANDARD = "gnu++20";
				CLANG_ENABLE_MODULES = YES;
				CLANG_ENABLE_OBJC_ARC = YES;
				CLANG_ENABLE_OBJC_WEAK = YES;
				CLANG_WARN_BLOCK_CAPTURE_AUTORELEASING = YES;
				CLANG_WARN_BOOL_CONVERSION = YES;
				CLANG_WARN_COMMA = YES;
				CLANG_WARN_CONSTANT_CONVERSION = YES;
				CLANG_WARN_DEPRECATED_OBJC_IMPLEMENTATIONS = YES;
				CLANG_WARN_DIRECT_OBJC_ISA_USAGE = YES_ERROR;
				CLANG_WARN_DOCUMENTATION_COMMENTS = YES;
				CLANG_WARN_EMPTY_BODY = YES;
				CLANG_WARN_ENUM_CONVERSION = YES;
				CLANG_WARN_INFINITE_RECURSION = YES;
				CLANG_WARN_INT_CONVERSION = YES;
				CLANG_WARN_NON_LITERAL_NULL_CONVERSION = YES;
				CLANG_WARN_OBJC_IMPLICIT_RETAIN_SELF = YES;
				CLANG_WARN_OBJC_LITERAL_CONVERSION = YES;
				CLANG_WARN_OBJC_ROOT_CLASS = YES_ERROR;
				CLANG_WARN_QUOTED_INCLUDE_IN_FRAMEWORK_HEADER = YES;
				CLANG_WARN_RANGE_LOOP_ANALYSIS = YES;
				CLANG_WARN_STRICT_PROTOTYPES = YES;
				CLANG_WARN_SUSPICIOUS_MOVE = YES;
				CLANG_WARN_UNGUARDED_AVAILABILITY = YES_AGGRESSIVE;
				CLANG_WARN_UNREACHABLE_CODE = YES;
				CLANG_WARN__DUPLICATE_METHOD_MATCH = YES;
				COPY_PHASE_STRIP = NO;
				DEBUG_INFORMATION_FORMAT = "dwarf-with-dsym";
				ENABLE_NS_ASSERTIONS = NO;
				ENABLE_STRICT_OBJC_MSGSEND = YES;
				GCC_C_LANGUAGE_STANDARD = gnu11;
				GCC_NO_COMMON_BLOCKS = YES;
				GCC_WARN_64_TO_32_BIT_CONVERSION = YES;
				GCC_WARN_ABOUT_RETURN_TYPE = YES_ERROR;
				GCC_WARN_UNDECLARED_SELECTOR = YES;
				GCC_WARN_UNINITIALIZED_AUTOS = YES_AGGRESSIVE;
				GCC_WARN_UNUSED_FUNCTION = YES;
				GCC_WARN_UNUSED_VARIABLE = YES;
				IPHONEOS_DEPLOYMENT_TARGET = 16.4;
				MTL_ENABLE_DEBUG_INFO = NO;
				MTL_FAST_MATH = YES;
				SDKROOT = iphoneos;
				SWIFT_COMPILATION_MODE = wholemodule;
				SWIFT_OPTIMIZATION_LEVEL = "-O";
				VALIDATE_PRODUCT = YES;
			};
			name = Release;
		};
		4DC015E52AB3AB520031FBDC /* Debug */ = {
			isa = XCBuildConfiguration;
			buildSettings = {
				ASSETCATALOG_COMPILER_APPICON_NAME = AppIcon;
				ASSETCATALOG_COMPILER_GLOBAL_ACCENT_COLOR_NAME = AccentColor;
				CODE_SIGN_STYLE = Automatic;
				CURRENT_PROJECT_VERSION = 1;
				DEVELOPMENT_ASSET_PATHS = "\"ProfilePageApp/Preview Content\"";
				ENABLE_PREVIEWS = YES;
				GENERATE_INFOPLIST_FILE = YES;
				INFOPLIST_KEY_UIApplicationSceneManifest_Generation = YES;
				INFOPLIST_KEY_UIApplicationSupportsIndirectInputEvents = YES;
				INFOPLIST_KEY_UILaunchScreen_Generation = YES;
				INFOPLIST_KEY_UISupportedInterfaceOrientations_iPad = "UIInterfaceOrientationPortrait UIInterfaceOrientationPortraitUpsideDown UIInterfaceOrientationLandscapeLeft UIInterfaceOrientationLandscapeRight";
				INFOPLIST_KEY_UISupportedInterfaceOrientations_iPhone = "UIInterfaceOrientationPortrait UIInterfaceOrientationLandscapeLeft UIInterfaceOrientationLandscapeRight";
				LD_RUNPATH_SEARCH_PATHS = (
					"$(inherited)",
					"@executable_path/Frameworks",
				);
				MARKETING_VERSION = 1.0;
				PRODUCT_BUNDLE_IDENTIFIER = Melanie.ProfilePageApp;
				PRODUCT_NAME = "$(TARGET_NAME)";
				SWIFT_EMIT_LOC_STRINGS = YES;
				SWIFT_VERSION = 5.0;
				TARGETED_DEVICE_FAMILY = "1,2";
			};
			name = Debug;
		};
		4DC015E62AB3AB520031FBDC /* Release */ = {
			isa = XCBuildConfiguration;
			buildSettings = {
				ASSETCATALOG_COMPILER_APPICON_NAME = AppIcon;
				ASSETCATALOG_COMPILER_GLOBAL_ACCENT_COLOR_NAME = AccentColor;
				CODE_SIGN_STYLE = Automatic;
				CURRENT_PROJECT_VERSION = 1;
				DEVELOPMENT_ASSET_PATHS = "\"ProfilePageApp/Preview Content\"";
				ENABLE_PREVIEWS = YES;
				GENERATE_INFOPLIST_FILE = YES;
				INFOPLIST_KEY_UIApplicationSceneManifest_Generation = YES;
				INFOPLIST_KEY_UIApplicationSupportsIndirectInputEvents = YES;
				INFOPLIST_KEY_UILaunchScreen_Generation = YES;
				INFOPLIST_KEY_UISupportedInterfaceOrientations_iPad = "UIInterfaceOrientationPortrait UIInterfaceOrientationPortraitUpsideDown UIInterfaceOrientationLandscapeLeft UIInterfaceOrientationLandscapeRight";
				INFOPLIST_KEY_UISupportedInterfaceOrientations_iPhone = "UIInterfaceOrientationPortrait UIInterfaceOrientationLandscapeLeft UIInterfaceOrientationLandscapeRight";
				LD_RUNPATH_SEARCH_PATHS = (
					"$(inherited)",
					"@executable_path/Frameworks",
				);
				MARKETING_VERSION = 1.0;
				PRODUCT_BUNDLE_IDENTIFIER = Melanie.ProfilePageApp;
				PRODUCT_NAME = "$(TARGET_NAME)";
				SWIFT_EMIT_LOC_STRINGS = YES;
				SWIFT_VERSION = 5.0;
				TARGETED_DEVICE_FAMILY = "1,2";
			};
			name = Release;
		};
/* End XCBuildConfiguration section */

/* Begin XCConfigurationList section */
		4DC015D12AB3AB500031FBDC /* Build configuration list for PBXProject "ProfilePageApp" */ = {
			isa = XCConfigurationList;
			buildConfigurations = (
				4DC015E22AB3AB520031FBDC /* Debug */,
				4DC015E32AB3AB520031FBDC /* Release */,
			);
			defaultConfigurationIsVisible = 0;
			defaultConfigurationName = Release;
		};
		4DC015E42AB3AB520031FBDC /* Build configuration list for PBXNativeTarget "ProfilePageApp" */ = {
			isa = XCConfigurationList;
			buildConfigurations = (
				4DC015E52AB3AB520031FBDC /* Debug */,
				4DC015E62AB3AB520031FBDC /* Release */,
			);
			defaultConfigurationIsVisible = 0;
			defaultConfigurationName = Release;
		};
/* End XCConfigurationList section */
	};
	rootObject = 4DC015CE2AB3AB500031FBDC /* Project object */;
}
